
Microsoft Visual Studio Solution File, Format Version 12.00
# Visual Studio Express 2013 for Windows Desktop
VisualStudioVersion = 12.0.31101.0
MinimumVisualStudioVersion = 10.0.40219.1
Project("{8BC9CEB8-8B4A-11D0-8D11-00A0C91BC942}") = "Standart", "Standart\Standart.vcxproj", "{4F85E1E2-AA2D-47EA-9EF8-CE36332FE433}"
EndProject
Project("{8BC9CEB8-8B4A-11D0-8D11-00A0C91BC942}") = "Thread", "Thread\Thread.vcxproj", "{EB501B9B-B9CF-4FD5-BCA8-296A328773BB}"
EndProject
Global
	GlobalSection(SolutionConfigurationPlatforms) = preSolution
		Debug|Win32 = Debug|Win32
		Release|Win32 = Release|Win32
	EndGlobalSection
	GlobalSection(ProjectConfigurationPlatforms) = postSolution
		{4F85E1E2-AA2D-47EA-9EF8-CE36332FE433}.Debug|Win32.ActiveCfg = Debug|Win32
		{4F85E1E2-AA2D-47EA-9EF8-CE36332FE433}.Debug|Win32.Build.0 = Debug|Win32
		{4F85E1E2-AA2D-47EA-9EF8-CE36332FE433}.Release|Win32.ActiveCfg = Release|Win32
		{4F85E1E2-AA2D-47EA-9EF8-CE36332FE433}.Release|Win32.Build.0 = Release|Win32
		{EB501B9B-B9CF-4FD5-BCA8-296A328773BB}.Debug|Win32.ActiveCfg = Debug|Win32
		{EB501B9B-B9CF-4FD5-BCA8-296A328773BB}.Debug|Win32.Build.0 = Debug|Win32
		{EB501B9B-B9CF-4FD5-BCA8-296A328773BB}.Release|Win32.ActiveCfg = Release|Win32
		{EB501B9B-B9CF-4FD5-BCA8-296A328773BB}.Release|Win32.Build.0 = Release|Win32
	EndGlobalSection
	GlobalSection(SolutionProperties) = preSolution
		HideSolutionNode = FALSE
	EndGlobalSection
EndGlobal
